// !$*UTF8*$!
{
	archiveVersion = 1;
	classes = {
	};
	objectVersion = 50;
	objects = {

/* Begin PBXBuildFile section */
		357CDFB320CBC75F009DA619 /* AppDelegate.swift in Sources */ = {isa = PBXBuildFile; fileRef = 357CDFB220CBC75F009DA619 /* AppDelegate.swift */; };
		357CDFB520CBC75F009DA619 /* ViewController.swift in Sources */ = {isa = PBXBuildFile; fileRef = 357CDFB420CBC75F009DA619 /* ViewController.swift */; };
		357CDFB820CBC75F009DA619 /* Main.storyboard in Resources */ = {isa = PBXBuildFile; fileRef = 357CDFB620CBC75F009DA619 /* Main.storyboard */; };
		357CDFBA20CBC762009DA619 /* Assets.xcassets in Resources */ = {isa = PBXBuildFile; fileRef = 357CDFB920CBC762009DA619 /* Assets.xcassets */; };
		357CDFBD20CBC762009DA619 /* LaunchScreen.storyboard in Resources */ = {isa = PBXBuildFile; fileRef = 357CDFBB20CBC762009DA619 /* LaunchScreen.storyboard */; };
		357CDFC520CBC891009DA619 /* DetailViewController.swift in Sources */ = {isa = PBXBuildFile; fileRef = 357CDFC420CBC891009DA619 /* DetailViewController.swift */; };
		357CDFC720CBC97E009DA619 /* Interactor.swift in Sources */ = {isa = PBXBuildFile; fileRef = 357CDFC620CBC97E009DA619 /* Interactor.swift */; };
		357CDFC920CBC99E009DA619 /* PresentAnimation.swift in Sources */ = {isa = PBXBuildFile; fileRef = 357CDFC820CBC99E009DA619 /* PresentAnimation.swift */; };
/* End PBXBuildFile section */

/* Begin PBXFileReference section */
		357CDFAF20CBC75F009DA619 /* TransitionAnimation.app */ = {isa = PBXFileReference; explicitFileType = wrapper.application; includeInIndex = 0; path = TransitionAnimation.app; sourceTree = BUILT_PRODUCTS_DIR; };
		357CDFB220CBC75F009DA619 /* AppDelegate.swift */ = {isa = PBXFileReference; lastKnownFileType = sourcecode.swift; path = AppDelegate.swift; sourceTree = "<group>"; };
		357CDFB420CBC75F009DA619 /* ViewController.swift */ = {isa = PBXFileReference; lastKnownFileType = sourcecode.swift; path = ViewController.swift; sourceTree = "<group>"; };
		357CDFB720CBC75F009DA619 /* Base */ = {isa = PBXFileReference; lastKnownFileType = file.storyboard; name = Base; path = Base.lproj/Main.storyboard; sourceTree = "<group>"; };
		357CDFB920CBC762009DA619 /* Assets.xcassets */ = {isa = PBXFileReference; lastKnownFileType = folder.assetcatalog; path = Assets.xcassets; sourceTree = "<group>"; };
		357CDFBC20CBC762009DA619 /* Base */ = {isa = PBXFileReference; lastKnownFileType = file.storyboard; name = Base; path = Base.lproj/LaunchScreen.storyboard; sourceTree = "<group>"; };
		357CDFBE20CBC762009DA619 /* Info.plist */ = {isa = PBXFileReference; lastKnownFileType = text.plist.xml; path = Info.plist; sourceTree = "<group>"; };
		357CDFC420CBC891009DA619 /* DetailViewController.swift */ = {isa = PBXFileReference; lastKnownFileType = sourcecode.swift; path = DetailViewController.swift; sourceTree = "<group>"; };
		357CDFC620CBC97E009DA619 /* Interactor.swift */ = {isa = PBXFileReference; lastKnownFileType = sourcecode.swift; path = Interactor.swift; sourceTree = "<group>"; };
		357CDFC820CBC99E009DA619 /* PresentAnimation.swift */ = {isa = PBXFileReference; lastKnownFileType = sourcecode.swift; path = PresentAnimation.swift; sourceTree = "<group>"; };
/* End PBXFileReference section */

/* Begin PBXFrameworksBuildPhase section */
		357CDFAC20CBC75F009DA619 /* Frameworks */ = {
			isa = PBXFrameworksBuildPhase;
			buildActionMask = 2147483647;
			files = (
			);
			runOnlyForDeploymentPostprocessing = 0;
		};
/* End PBXFrameworksBuildPhase section */

/* Begin PBXGroup section */
		357CDFA620CBC75F009DA619 = {
			isa = PBXGroup;
			children = (
				357CDFB120CBC75F009DA619 /* TransitionAnimation */,
				357CDFB020CBC75F009DA619 /* Products */,
			);
			sourceTree = "<group>";
		};
		357CDFB020CBC75F009DA619 /* Products */ = {
			isa = PBXGroup;
			children = (
				357CDFAF20CBC75F009DA619 /* TransitionAnimation.app */,
			);
			name = Products;
			sourceTree = "<group>";
		};
		357CDFB120CBC75F009DA619 /* TransitionAnimation */ = {
			isa = PBXGroup;
			children = (
				357CDFB220CBC75F009DA619 /* AppDelegate.swift */,
				357CDFB420CBC75F009DA619 /* ViewController.swift */,
				357CDFC620CBC97E009DA619 /* Interactor.swift */,
				357CDFC820CBC99E009DA619 /* PresentAnimation.swift */,
				357CDFC420CBC891009DA619 /* DetailViewController.swift */,
				357CDFB620CBC75F009DA619 /* Main.storyboard */,
				357CDFB920CBC762009DA619 /* Assets.xcassets */,
				357CDFBB20CBC762009DA619 /* LaunchScreen.storyboard */,
				357CDFBE20CBC762009DA619 /* Info.plist */,
			);
			path = TransitionAnimation;
			sourceTree = "<group>";
		};
/* End PBXGroup section */

/* Begin PBXNativeTarget section */
		357CDFAE20CBC75F009DA619 /* TransitionAnimation */ = {
			isa = PBXNativeTarget;
			buildConfigurationList = 357CDFC120CBC762009DA619 /* Build configuration list for PBXNativeTarget "TransitionAnimation" */;
			buildPhases = (
				357CDFAB20CBC75F009DA619 /* Sources */,
				357CDFAC20CBC75F009DA619 /* Frameworks */,
				357CDFAD20CBC75F009DA619 /* Resources */,
			);
			buildRules = (
			);
			dependencies = (
			);
			name = TransitionAnimation;
			productName = TransitionAnimation;
			productReference = 357CDFAF20CBC75F009DA619 /* TransitionAnimation.app */;
			productType = "com.apple.product-type.application";
		};
/* End PBXNativeTarget section */

/* Begin PBXProject section */
		357CDFA720CBC75F009DA619 /* Project object */ = {
			isa = PBXProject;
			attributes = {
				LastSwiftUpdateCheck = 0930;
				LastUpgradeCheck = 0930;
				ORGANIZATIONNAME = hyeri;
				TargetAttributes = {
					357CDFAE20CBC75F009DA619 = {
						CreatedOnToolsVersion = 9.3.1;
					};
				};
			};
			buildConfigurationList = 357CDFAA20CBC75F009DA619 /* Build configuration list for PBXProject "TransitionAnimation" */;
			compatibilityVersion = "Xcode 9.3";
			developmentRegion = en;
			hasScannedForEncodings = 0;
			knownRegions = (
				en,
				Base,
			);
			mainGroup = 357CDFA620CBC75F009DA619;
			productRefGroup = 357CDFB020CBC75F009DA619 /* Products */;
			projectDirPath = "";
			projectRoot = "";
			targets = (
				357CDFAE20CBC75F009DA619 /* TransitionAnimation */,
			);
		};
/* End PBXProject section */

/* Begin PBXResourcesBuildPhase section */
		357CDFAD20CBC75F009DA619 /* Resources */ = {
			isa = PBXResourcesBuildPhase;
			buildActionMask = 2147483647;
			files = (
				357CDFBD20CBC762009DA619 /* LaunchScreen.storyboard in Resources */,
				357CDFBA20CBC762009DA619 /* Assets.xcassets in Resources */,
				357CDFB820CBC75F009DA619 /* Main.storyboard in Resources */,
			);
			runOnlyForDeploymentPostprocessing = 0;
		};
/* End PBXResourcesBuildPhase section */

/* Begin PBXSourcesBuildPhase section */
		357CDFAB20CBC75F009DA619 /* Sources */ = {
			isa = PBXSourcesBuildPhase;
			buildActionMask = 2147483647;
			files = (
				357CDFC520CBC891009DA619 /* DetailViewController.swift in Sources */,
				357CDFB520CBC75F009DA619 /* ViewController.swift in Sources */,
				357CDFC920CBC99E009DA619 /* PresentAnimation.swift in Sources */,
				357CDFC720CBC97E009DA619 /* Interactor.swift in Sources */,
				357CDFB320CBC75F009DA619 /* AppDelegate.swift in Sources */,
			);
			runOnlyForDeploymentPostprocessing = 0;
		};
/* End PBXSourcesBuildPhase section */

/* Begin PBXVariantGroup section */
		357CDFB620CBC75F009DA619 /* Main.storyboard */ = {
			isa = PBXVariantGroup;
			children = (
				357CDFB720CBC75F009DA619 /* Base */,
			);
			name = Main.storyboard;
			sourceTree = "<group>";
		};
		357CDFBB20CBC762009DA619 /* LaunchScreen.storyboard */ = {
			isa = PBXVariantGroup;
			children = (
				357CDFBC20CBC762009DA619 /* Base */,
			);
			name = LaunchScreen.storyboard;
			sourceTree = "<group>";
		};
/* End PBXVariantGroup section */

/* Begin XCBuildConfiguration section */
		357CDFBF20CBC762009DA619 /* Debug */ = {
			isa = XCBuildConfiguration;
			buildSettings = {
				ALWAYS_SEARCH_USER_PATHS = NO;
				CLANG_ANALYZER_NONNULL = YES;
				CLANG_ANALYZER_NUMBER_OBJECT_CONVERSION = YES_AGGRESSIVE;
				CLANG_CXX_LANGUAGE_STANDARD = "gnu++14";
				CLANG_CXX_LIBRARY = "libc++";
				CLANG_ENABLE_MODULES = YES;
				CLANG_ENABLE_OBJC_ARC = YES;
				CLANG_ENABLE_OBJC_WEAK = YES;
				CLANG_WARN_BLOCK_CAPTURE_AUTORELEASING = YES;
				CLANG_WARN_BOOL_CONVERSION = YES;
				CLANG_WARN_COMMA = YES;
				CLANG_WARN_CONSTANT_CONVERSION = YES;
				CLANG_WARN_DEPRECATED_OBJC_IMPLEMENTATIONS = YES;
				CLANG_WARN_DIRECT_OBJC_ISA_USAGE = YES_ERROR;
				CLANG_WARN_DOCUMENTATION_COMMENTS = YES;
				CLANG_WARN_EMPTY_BODY = YES;
				CLANG_WARN_ENUM_CONVERSION = YES;
				CLANG_WARN_INFINITE_RECURSION = YES;
				CLANG_WARN_INT_CONVERSION = YES;
				CLANG_WARN_NON_LITERAL_NULL_CONVERSION = YES;
				CLANG_WARN_OBJC_IMPLICIT_RETAIN_SELF = YES;
				CLANG_WARN_OBJC_LITERAL_CONVERSION = YES;
				CLANG_WARN_OBJC_ROOT_CLASS = YES_ERROR;
				CLANG_WARN_RANGE_LOOP_ANALYSIS = YES;
				CLANG_WARN_STRICT_PROTOTYPES = YES;
				CLANG_WARN_SUSPICIOUS_MOVE = YES;
				CLANG_WARN_UNGUARDED_AVAILABILITY = YES_AGGRESSIVE;
				CLANG_WARN_UNREACHABLE_CODE = YES;
				CLANG_WARN__DUPLICATE_METHOD_MATCH = YES;
				CODE_SIGN_IDENTITY = "iPhone Developer";
				COPY_PHASE_STRIP = NO;
				DEBUG_INFORMATION_FORMAT = dwarf;
				ENABLE_STRICT_OBJC_MSGSEND = YES;
				ENABLE_TESTABILITY = YES;
				GCC_C_LANGUAGE_STANDARD = gnu11;
				GCC_DYNAMIC_NO_PIC = NO;
				GCC_NO_COMMON_BLOCKS = YES;
				GCC_OPTIMIZATION_LEVEL = 0;
				GCC_PREPROCESSOR_DEFINITIONS = (
					"DEBUG=1",
					"$(inherited)",
				);
				GCC_WARN_64_TO_32_BIT_CONVERSION = YES;
				GCC_WARN_ABOUT_RETURN_TYPE = YES_ERROR;
				GCC_WARN_UNDECLARED_SELECTOR = YES;
				GCC_WARN_UNINITIALIZED_AUTOS = YES_AGGRESSIVE;
				GCC_WARN_UNUSED_FUNCTION = YES;
				GCC_WARN_UNUSED_VARIABLE = YES;
				IPHONEOS_DEPLOYMENT_TARGET = 11.3;
				MTL_ENABLE_DEBUG_INFO = YES;
				ONLY_ACTIVE_ARCH = YES;
				SDKROOT = iphoneos;
				SWIFT_ACTIVE_COMPILATION_CONDITIONS = DEBUG;
				SWIFT_OPTIMIZATION_LEVEL = "-Onone";
			};
			name = Debug;
		};
		357CDFC020CBC762009DA619 /* Release */ = {
			isa = XCBuildConfiguration;
			buildSettings = {
				ALWAYS_SEARCH_USER_PATHS = NO;
				CLANG_ANALYZER_NONNULL = YES;
				CLANG_ANALYZER_NUMBER_OBJECT_CONVERSION = YES_AGGRESSIVE;
				CLANG_CXX_LANGUAGE_STANDARD = "gnu++14";
				CLANG_CXX_LIBRARY = "libc++";
				CLANG_ENABLE_MODULES = YES;
				CLANG_ENABLE_OBJC_ARC = YES;
				CLANG_ENABLE_OBJC_WEAK = YES;
				CLANG_WARN_BLOCK_CAPTURE_AUTORELEASING = YES;
				CLANG_WARN_BOOL_CONVERSION = YES;
				CLANG_WARN_COMMA = YES;
				CLANG_WARN_CONSTANT_CONVERSION = YES;
				CLANG_WARN_DEPRECATED_OBJC_IMPLEMENTATIONS = YES;
				CLANG_WARN_DIRECT_OBJC_ISA_USAGE = YES_ERROR;
				CLANG_WARN_DOCUMENTATION_COMMENTS = YES;
				CLANG_WARN_EMPTY_BODY = YES;
				CLANG_WARN_ENUM_CONVERSION = YES;
				CLANG_WARN_INFINITE_RECURSION = YES;
				CLANG_WARN_INT_CONVERSION = YES;
				CLANG_WARN_NON_LITERAL_NULL_CONVERSION = YES;
				CLANG_WARN_OBJC_IMPLICIT_RETAIN_SELF = YES;
				CLANG_WARN_OBJC_LITERAL_CONVERSION = YES;
				CLANG_WARN_OBJC_ROOT_CLASS = YES_ERROR;
				CLANG_WARN_RANGE_LOOP_ANALYSIS = YES;
				CLANG_WARN_STRICT_PROTOTYPES = YES;
				CLANG_WARN_SUSPICIOUS_MOVE = YES;
				CLANG_WARN_UNGUARDED_AVAILABILITY = YES_AGGRESSIVE;
				CLANG_WARN_UNREACHABLE_CODE = YES;
				CLANG_WARN__DUPLICATE_METHOD_MATCH = YES;
				CODE_SIGN_IDENTITY = "iPhone Developer";
				COPY_PHASE_STRIP = NO;
				DEBUG_INFORMATION_FORMAT = "dwarf-with-dsym";
				ENABLE_NS_ASSERTIONS = NO;
				ENABLE_STRICT_OBJC_MSGSEND = YES;
				GCC_C_LANGUAGE_STANDARD = gnu11;
				GCC_NO_COMMON_BLOCKS = YES;
				GCC_WARN_64_TO_32_BIT_CONVERSION = YES;
				GCC_WARN_ABOUT_RETURN_TYPE = YES_ERROR;
				GCC_WARN_UNDECLARED_SELECTOR = YES;
				GCC_WARN_UNINITIALIZED_AUTOS = YES_AGGRESSIVE;
				GCC_WARN_UNUSED_FUNCTION = YES;
				GCC_WARN_UNUSED_VARIABLE = YES;
				IPHONEOS_DEPLOYMENT_TARGET = 11.3;
				MTL_ENABLE_DEBUG_INFO = NO;
				SDKROOT = iphoneos;
				SWIFT_COMPILATION_MODE = wholemodule;
				SWIFT_OPTIMIZATION_LEVEL = "-O";
				VALIDATE_PRODUCT = YES;
			};
			name = Release;
		};
		357CDFC220CBC762009DA619 /* Debug */ = {
			isa = XCBuildConfiguration;
			buildSettings = {
				ASSETCATALOG_COMPILER_APPICON_NAME = AppIcon;
				CODE_SIGN_STYLE = Automatic;
				DEVELOPMENT_TEAM = H92U9KV5T2;
				INFOPLIST_FILE = TransitionAnimation/Info.plist;
				IPHONEOS_DEPLOYMENT_TARGET = 11.0;
				LD_RUNPATH_SEARCH_PATHS = (
					"$(inherited)",
					"@executable_path/Frameworks",
				);
				PRODUCT_BUNDLE_IDENTIFIER = com.hyeri.TransitionAnimation;
				PRODUCT_NAME = "$(TARGET_NAME)";
				SWIFT_VERSION = 4.0;
				TARGETED_DEVICE_FAMILY = 1;
			};
			name = Debug;
		};
		357CDFC320CBC762009DA619 /* Release */ = {
			isa = XCBuildConfiguration;
			buildSettings = {
				ASSETCATALOG_COMPILER_APPICON_NAME = AppIcon;
				CODE_SIGN_STYLE = Automatic;
				DEVELOPMENT_TEAM = H92U9KV5T2;
				INFOPLIST_FILE = TransitionAnimation/Info.plist;
				IPHONEOS_DEPLOYMENT_TARGET = 11.0;
				LD_RUNPATH_SEARCH_PATHS = (
					"$(inherited)",
					"@executable_path/Frameworks",
				);
				PRODUCT_BUNDLE_IDENTIFIER = com.hyeri.TransitionAnimation;
				PRODUCT_NAME = "$(TARGET_NAME)";
				SWIFT_VERSION = 4.0;
				TARGETED_DEVICE_FAMILY = 1;
			};
			name = Release;
		};
/* End XCBuildConfiguration section */

/* Begin XCConfigurationList section */
		357CDFAA20CBC75F009DA619 /* Build configuration list for PBXProject "TransitionAnimation" */ = {
			isa = XCConfigurationList;
			buildConfigurations = (
				357CDFBF20CBC762009DA619 /* Debug */,
				357CDFC020CBC762009DA619 /* Release */,
			);
			defaultConfigurationIsVisible = 0;
			defaultConfigurationName = Release;
		};
		357CDFC120CBC762009DA619 /* Build configuration list for PBXNativeTarget "TransitionAnimation" */ = {
			isa = XCConfigurationList;
			buildConfigurations = (
				357CDFC220CBC762009DA619 /* Debug */,
				357CDFC320CBC762009DA619 /* Release */,
			);
			defaultConfigurationIsVisible = 0;
			defaultConfigurationName = Release;
		};
/* End XCConfigurationList section */
	};
	rootObject = 357CDFA720CBC75F009DA619 /* Project object */;
}
